
Microsoft Visual Studio Solution File, Format Version 12.00
# Visual Studio Version 16
VisualStudioVersion = 16.0.29911.84
MinimumVisualStudioVersion = 10.0.40219.1
Project("{151D2E53-A2C4-4D7D-83FE-D05416EBD58E}") = "BasicLinuxVM", "BasicLinuxVM\BasicLinuxVM.deployproj", "{06D03EB8-068D-4AD7-8830-A77F9C8A0D60}"
EndProject
Global
	GlobalSection(SolutionConfigurationPlatforms) = preSolution
		Debug|Any CPU = Debug|Any CPU
		Release|Any CPU = Release|Any CPU
	EndGlobalSection
	GlobalSection(ProjectConfigurationPlatforms) = postSolution
		{06D03EB8-068D-4AD7-8830-A77F9C8A0D60}.Debug|Any CPU.ActiveCfg = Debug|Any CPU
		{06D03EB8-068D-4AD7-8830-A77F9C8A0D60}.Debug|Any CPU.Build.0 = Debug|Any CPU
		{06D03EB8-068D-4AD7-8830-A77F9C8A0D60}.Release|Any CPU.ActiveCfg = Release|Any CPU
		{06D03EB8-068D-4AD7-8830-A77F9C8A0D60}.Release|Any CPU.Build.0 = Release|Any CPU
	EndGlobalSection
	GlobalSection(SolutionProperties) = preSolution
		HideSolutionNode = FALSE
	EndGlobalSection
	GlobalSection(ExtensibilityGlobals) = postSolution
		SolutionGuid = {6B05A115-2072-4344-971C-16828CABFD68}
	EndGlobalSection
EndGlobal
